
Microsoft Visual Studio Solution File, Format Version 12.00
# Visual Studio Version 16
VisualStudioVersion = 25.0.1700.4
MinimumVisualStudioVersion = 10.0.40219.1
Project("{FAE04EC0-301F-11D3-BF4B-00C04F79EFBC}") = "MoveOrders", "MoveOrders\MoveOrders.csproj", "{0D4287B0-E320-4174-899D-DAA8AB0D0CDA}"
EndProject
Global
	GlobalSection(SolutionConfigurationPlatforms) = preSolution
		Debug|Any CPU = Debug|Any CPU
		Release|Any CPU = Release|Any CPU
	EndGlobalSection
	GlobalSection(ProjectConfigurationPlatforms) = postSolution
		{0D4287B0-E320-4174-899D-DAA8AB0D0CDA}.Debug|Any CPU.ActiveCfg = Debug|Any CPU
		{0D4287B0-E320-4174-899D-DAA8AB0D0CDA}.Debug|Any CPU.Build.0 = Debug|Any CPU
		{0D4287B0-E320-4174-899D-DAA8AB0D0CDA}.Release|Any CPU.ActiveCfg = Release|Any CPU
		{0D4287B0-E320-4174-899D-DAA8AB0D0CDA}.Release|Any CPU.Build.0 = Release|Any CPU
	EndGlobalSection
	GlobalSection(SolutionProperties) = preSolution
		HideSolutionNode = FALSE
	EndGlobalSection
	GlobalSection(ExtensibilityGlobals) = postSolution
		SolutionGuid = {6A73666A-2D35-4D12-8CED-1B8C4F023C41}
	EndGlobalSection
EndGlobal
